
Microsoft Visual Studio Solution File, Format Version 12.00
# Visual Studio Version 16
VisualStudioVersion = 16.0.31911.196
MinimumVisualStudioVersion = 10.0.40219.1
Project("{FAE04EC0-301F-11D3-BF4B-00C04F79EFBC}") = "WebApplication3", "WebApplication3\WebApplication3.csproj", "{74DD3374-F2DD-462C-8C50-504CD2FCC9D8}"
EndProject
Global
	GlobalSection(SolutionConfigurationPlatforms) = preSolution
		Debug|Any CPU = Debug|Any CPU
		Release|Any CPU = Release|Any CPU
	EndGlobalSection
	GlobalSection(ProjectConfigurationPlatforms) = postSolution
		{74DD3374-F2DD-462C-8C50-504CD2FCC9D8}.Debug|Any CPU.ActiveCfg = Debug|Any CPU
		{74DD3374-F2DD-462C-8C50-504CD2FCC9D8}.Debug|Any CPU.Build.0 = Debug|Any CPU
		{74DD3374-F2DD-462C-8C50-504CD2FCC9D8}.Release|Any CPU.ActiveCfg = Release|Any CPU
		{74DD3374-F2DD-462C-8C50-504CD2FCC9D8}.Release|Any CPU.Build.0 = Release|Any CPU
	EndGlobalSection
	GlobalSection(SolutionProperties) = preSolution
		HideSolutionNode = FALSE
	EndGlobalSection
	GlobalSection(ExtensibilityGlobals) = postSolution
		SolutionGuid = {12CBA282-DB5C-4714-AE17-1882C14EE314}
	EndGlobalSection
EndGlobal
